
Microsoft Visual Studio Solution File, Format Version 12.00
# Visual Studio 15
VisualStudioVersion = 15.0.27130.2010
MinimumVisualStudioVersion = 10.0.40219.1
Project("{9A19103F-16F7-4668-BE54-9A1E7A4F7556}") = "Checkout.DummyEventStoreCaffe.Api", "DummyEventStoreCaffe\Checkout.DummyEventStoreCaffe.Api.csproj", "{4150BCAC-93EF-4C6A-82E2-AA6DCBE6D932}"
EndProject
Project("{E53339B2-1760-4266-BCC7-CA923CBCF16C}") = "docker-compose", "docker-compose.dcproj", "{07318E92-07D7-4B32-964A-549FBF3489B8}"
EndProject
Project("{FAE04EC0-301F-11D3-BF4B-00C04F79EFBC}") = "Checkout.DummyEventStoreCaffe.Domain", "..\Checkout.DummyEventStoreCaffe.Domain\Checkout.DummyEventStoreCaffe.Domain.csproj", "{EA6F9F46-65BF-4D5F-A38B-10A117284BEE}"
EndProject
Project("{FAE04EC0-301F-11D3-BF4B-00C04F79EFBC}") = "Edument.CQRS", "..\..\..\Desktop\Edument.CQRS\Edument.CQRS.csproj", "{D2BAB57D-225D-4F4C-9410-ED39495A8FE0}"
EndProject
Project("{FAE04EC0-301F-11D3-BF4B-00C04F79EFBC}") = "Checkout.DummyEventStoreCaffe.UnitTests", "Checkout.DummyEventStoreCaffe.UnitTests\Checkout.DummyEventStoreCaffe.UnitTests.csproj", "{303414B8-C20E-44C2-A90F-27F0CCDDA7EE}"
EndProject
Global
	GlobalSection(SolutionConfigurationPlatforms) = preSolution
		Debug|Any CPU = Debug|Any CPU
		Release|Any CPU = Release|Any CPU
	EndGlobalSection
	GlobalSection(ProjectConfigurationPlatforms) = postSolution
		{4150BCAC-93EF-4C6A-82E2-AA6DCBE6D932}.Debug|Any CPU.ActiveCfg = Debug|Any CPU
		{4150BCAC-93EF-4C6A-82E2-AA6DCBE6D932}.Debug|Any CPU.Build.0 = Debug|Any CPU
		{4150BCAC-93EF-4C6A-82E2-AA6DCBE6D932}.Release|Any CPU.ActiveCfg = Release|Any CPU
		{4150BCAC-93EF-4C6A-82E2-AA6DCBE6D932}.Release|Any CPU.Build.0 = Release|Any CPU
		{07318E92-07D7-4B32-964A-549FBF3489B8}.Debug|Any CPU.ActiveCfg = Debug|Any CPU
		{07318E92-07D7-4B32-964A-549FBF3489B8}.Debug|Any CPU.Build.0 = Debug|Any CPU
		{07318E92-07D7-4B32-964A-549FBF3489B8}.Release|Any CPU.ActiveCfg = Release|Any CPU
		{07318E92-07D7-4B32-964A-549FBF3489B8}.Release|Any CPU.Build.0 = Release|Any CPU
		{EA6F9F46-65BF-4D5F-A38B-10A117284BEE}.Debug|Any CPU.ActiveCfg = Debug|Any CPU
		{EA6F9F46-65BF-4D5F-A38B-10A117284BEE}.Debug|Any CPU.Build.0 = Debug|Any CPU
		{EA6F9F46-65BF-4D5F-A38B-10A117284BEE}.Release|Any CPU.ActiveCfg = Release|Any CPU
		{EA6F9F46-65BF-4D5F-A38B-10A117284BEE}.Release|Any CPU.Build.0 = Release|Any CPU
		{D2BAB57D-225D-4F4C-9410-ED39495A8FE0}.Debug|Any CPU.ActiveCfg = Debug|Any CPU
		{D2BAB57D-225D-4F4C-9410-ED39495A8FE0}.Debug|Any CPU.Build.0 = Debug|Any CPU
		{D2BAB57D-225D-4F4C-9410-ED39495A8FE0}.Release|Any CPU.ActiveCfg = Release|Any CPU
		{D2BAB57D-225D-4F4C-9410-ED39495A8FE0}.Release|Any CPU.Build.0 = Release|Any CPU
		{303414B8-C20E-44C2-A90F-27F0CCDDA7EE}.Debug|Any CPU.ActiveCfg = Debug|Any CPU
		{303414B8-C20E-44C2-A90F-27F0CCDDA7EE}.Debug|Any CPU.Build.0 = Debug|Any CPU
		{303414B8-C20E-44C2-A90F-27F0CCDDA7EE}.Release|Any CPU.ActiveCfg = Release|Any CPU
		{303414B8-C20E-44C2-A90F-27F0CCDDA7EE}.Release|Any CPU.Build.0 = Release|Any CPU
	EndGlobalSection
	GlobalSection(SolutionProperties) = preSolution
		HideSolutionNode = FALSE
	EndGlobalSection
	GlobalSection(ExtensibilityGlobals) = postSolution
		SolutionGuid = {E1ACB909-CC87-42AE-B014-03FF77249CD3}
	EndGlobalSection
EndGlobal
